{
  "name": "gatedelay",
  "version": "1.0.0",
  "lockfileVersion": 3,
  "requires": true,
  "packages": {
    "": {
      "name": "gatedelay",
      "version": "1.0.0",
      "engines": {
        "node": "20.x",
        "npm": "10.x"
      },
      "toolchain": {
        "node": "20.19.0",
        "npm": "10.8.2",
        "foundry": "1.1.0",
        "solidity": "0.8.28"
      },
      "dependencies": {
        "@prb/math": "^4.1.2"
      }
    },
    "node_modules/@prb/math": {
      "version": "4.1.2",
      "resolved": "https://registry.npmjs.org/@prb/math/-/math-4.1.2.tgz",
      "integrity": "sha512-CBSg0SyOYfs4X+GD16klIYE39sqDs1skPmGP5SVKJPVfthmooAriaSkWC8NqBrkIi129XDnxm7f1cBXnu55FyQ==",
      "license": "MIT"
    }
  }
}
